
Microsoft Visual Studio Solution File, Format Version 12.00
# Visual Studio Version 16
VisualStudioVersion = 16.0.30204.135
MinimumVisualStudioVersion = 10.0.40219.1
Project("{FAE04EC0-301F-11D3-BF4B-00C04F79EFBC}") = "MicrowaveWebApp", "MicrowaveWebApp\MicrowaveWebApp.csproj", "{3A6FBA27-1E50-4068-93E5-F95FFDABA17A}"
EndProject
Global
	GlobalSection(SolutionConfigurationPlatforms) = preSolution
		Debug|Any CPU = Debug|Any CPU
		Release|Any CPU = Release|Any CPU
	EndGlobalSection
	GlobalSection(ProjectConfigurationPlatforms) = postSolution
		{3A6FBA27-1E50-4068-93E5-F95FFDABA17A}.Debug|Any CPU.ActiveCfg = Debug|Any CPU
		{3A6FBA27-1E50-4068-93E5-F95FFDABA17A}.Debug|Any CPU.Build.0 = Debug|Any CPU
		{3A6FBA27-1E50-4068-93E5-F95FFDABA17A}.Release|Any CPU.ActiveCfg = Release|Any CPU
		{3A6FBA27-1E50-4068-93E5-F95FFDABA17A}.Release|Any CPU.Build.0 = Release|Any CPU
	EndGlobalSection
	GlobalSection(SolutionProperties) = preSolution
		HideSolutionNode = FALSE
	EndGlobalSection
	GlobalSection(ExtensibilityGlobals) = postSolution
		SolutionGuid = {36BC5753-4AB3-4B30-83C8-0C0D7D8B9EB1}
	EndGlobalSection
EndGlobal
